
Microsoft Visual Studio Solution File, Format Version 12.00
# Visual Studio Version 16
VisualStudioVersion = 16.0.29709.97
MinimumVisualStudioVersion = 10.0.40219.1
Project("{FAE04EC0-301F-11D3-BF4B-00C04F79EFBC}") = "TPv1", "TPv1\TPv1.csproj", "{256683DC-4F51-4DCD-9DCA-A3F1093E33E5}"
EndProject
Global
	GlobalSection(SolutionConfigurationPlatforms) = preSolution
		Debug|Any CPU = Debug|Any CPU
		Release|Any CPU = Release|Any CPU
	EndGlobalSection
	GlobalSection(ProjectConfigurationPlatforms) = postSolution
		{256683DC-4F51-4DCD-9DCA-A3F1093E33E5}.Debug|Any CPU.ActiveCfg = Debug|Any CPU
		{256683DC-4F51-4DCD-9DCA-A3F1093E33E5}.Debug|Any CPU.Build.0 = Debug|Any CPU
		{256683DC-4F51-4DCD-9DCA-A3F1093E33E5}.Release|Any CPU.ActiveCfg = Release|Any CPU
		{256683DC-4F51-4DCD-9DCA-A3F1093E33E5}.Release|Any CPU.Build.0 = Release|Any CPU
	EndGlobalSection
	GlobalSection(SolutionProperties) = preSolution
		HideSolutionNode = FALSE
	EndGlobalSection
	GlobalSection(ExtensibilityGlobals) = postSolution
		SolutionGuid = {EF708574-9F64-46C2-8070-63B07A96861E}
	EndGlobalSection
EndGlobal
