
Microsoft Visual Studio Solution File, Format Version 12.00
# Visual Studio Version 16
VisualStudioVersion = 16.0.29709.97
MinimumVisualStudioVersion = 10.0.40219.1
Project("{FAE04EC0-301F-11D3-BF4B-00C04F79EFBC}") = "TP3-exo3(SoufianeJD)", "TP3-exo3(SoufianeJD)\TP3-exo3(SoufianeJD).csproj", "{3F328E7A-E8BC-4086-BFB8-DF99A1A2D450}"
EndProject
Global
	GlobalSection(SolutionConfigurationPlatforms) = preSolution
		Debug|Any CPU = Debug|Any CPU
		Release|Any CPU = Release|Any CPU
	EndGlobalSection
	GlobalSection(ProjectConfigurationPlatforms) = postSolution
		{3F328E7A-E8BC-4086-BFB8-DF99A1A2D450}.Debug|Any CPU.ActiveCfg = Debug|Any CPU
		{3F328E7A-E8BC-4086-BFB8-DF99A1A2D450}.Debug|Any CPU.Build.0 = Debug|Any CPU
		{3F328E7A-E8BC-4086-BFB8-DF99A1A2D450}.Release|Any CPU.ActiveCfg = Release|Any CPU
		{3F328E7A-E8BC-4086-BFB8-DF99A1A2D450}.Release|Any CPU.Build.0 = Release|Any CPU
	EndGlobalSection
	GlobalSection(SolutionProperties) = preSolution
		HideSolutionNode = FALSE
	EndGlobalSection
	GlobalSection(ExtensibilityGlobals) = postSolution
		SolutionGuid = {D2609ED1-072F-4D05-8558-7A1C4972080E}
	EndGlobalSection
EndGlobal
