
Microsoft Visual Studio Solution File, Format Version 12.00
# Visual Studio Version 16
VisualStudioVersion = 16.0.29709.97
MinimumVisualStudioVersion = 10.0.40219.1
Project("{FAE04EC0-301F-11D3-BF4B-00C04F79EFBC}") = "TP3-exo2(SoufianeJD)", "TP3-exo2(SoufianeJD)\TP3-exo2(SoufianeJD).csproj", "{B05C5449-1B54-4FA1-9AC8-B9E0417FDAF1}"
EndProject
Global
	GlobalSection(SolutionConfigurationPlatforms) = preSolution
		Debug|Any CPU = Debug|Any CPU
		Release|Any CPU = Release|Any CPU
	EndGlobalSection
	GlobalSection(ProjectConfigurationPlatforms) = postSolution
		{B05C5449-1B54-4FA1-9AC8-B9E0417FDAF1}.Debug|Any CPU.ActiveCfg = Debug|Any CPU
		{B05C5449-1B54-4FA1-9AC8-B9E0417FDAF1}.Debug|Any CPU.Build.0 = Debug|Any CPU
		{B05C5449-1B54-4FA1-9AC8-B9E0417FDAF1}.Release|Any CPU.ActiveCfg = Release|Any CPU
		{B05C5449-1B54-4FA1-9AC8-B9E0417FDAF1}.Release|Any CPU.Build.0 = Release|Any CPU
	EndGlobalSection
	GlobalSection(SolutionProperties) = preSolution
		HideSolutionNode = FALSE
	EndGlobalSection
	GlobalSection(ExtensibilityGlobals) = postSolution
		SolutionGuid = {DD55AC74-6BF5-42FF-A22F-712DF86B2A50}
	EndGlobalSection
EndGlobal
