
Microsoft Visual Studio Solution File, Format Version 12.00
# Visual Studio Version 16
VisualStudioVersion = 16.0.29709.97
MinimumVisualStudioVersion = 10.0.40219.1
Project("{FAE04EC0-301F-11D3-BF4B-00C04F79EFBC}") = "CalculatriceJD", "CalculatriceJD\CalculatriceJD.csproj", "{772CF4C3-E01F-4814-AB26-4C65AEEB3337}"
EndProject
Global
	GlobalSection(SolutionConfigurationPlatforms) = preSolution
		Debug|Any CPU = Debug|Any CPU
		Release|Any CPU = Release|Any CPU
	EndGlobalSection
	GlobalSection(ProjectConfigurationPlatforms) = postSolution
		{772CF4C3-E01F-4814-AB26-4C65AEEB3337}.Debug|Any CPU.ActiveCfg = Debug|Any CPU
		{772CF4C3-E01F-4814-AB26-4C65AEEB3337}.Debug|Any CPU.Build.0 = Debug|Any CPU
		{772CF4C3-E01F-4814-AB26-4C65AEEB3337}.Release|Any CPU.ActiveCfg = Release|Any CPU
		{772CF4C3-E01F-4814-AB26-4C65AEEB3337}.Release|Any CPU.Build.0 = Release|Any CPU
	EndGlobalSection
	GlobalSection(SolutionProperties) = preSolution
		HideSolutionNode = FALSE
	EndGlobalSection
	GlobalSection(ExtensibilityGlobals) = postSolution
		SolutionGuid = {7689DACC-DF91-4824-B4B0-5F0671084D80}
	EndGlobalSection
EndGlobal
